// !$*UTF8*$!
{
	archiveVersion = 1;
	classes = {
	};
	objectVersion = 56;
	objects = {

/* Begin PBXBuildFile section */
		29562A2B29C9F54C003D78F8 /* AppDelegate.swift in Sources */ = {isa = PBXBuildFile; fileRef = 29562A2A29C9F54C003D78F8 /* AppDelegate.swift */; };
		29562A2D29C9F54C003D78F8 /* SceneDelegate.swift in Sources */ = {isa = PBXBuildFile; fileRef = 29562A2C29C9F54C003D78F8 /* SceneDelegate.swift */; };
		29562A2F29C9F54C003D78F8 /* ViewController.swift in Sources */ = {isa = PBXBuildFile; fileRef = 29562A2E29C9F54C003D78F8 /* ViewController.swift */; };
		29562A3229C9F54C003D78F8 /* Main.storyboard in Resources */ = {isa = PBXBuildFile; fileRef = 29562A3029C9F54C003D78F8 /* Main.storyboard */; };
		29562A3429C9F54D003D78F8 /* Assets.xcassets in Resources */ = {isa = PBXBuildFile; fileRef = 29562A3329C9F54D003D78F8 /* Assets.xcassets */; };
		29562A3729C9F54D003D78F8 /* LaunchScreen.storyboard in Resources */ = {isa = PBXBuildFile; fileRef = 29562A3529C9F54D003D78F8 /* LaunchScreen.storyboard */; };
		29562A4229C9F54D003D78F8 /* I_AM_RICH___Tests.swift in Sources */ = {isa = PBXBuildFile; fileRef = 29562A4129C9F54D003D78F8 /* I_AM_RICH___Tests.swift */; };
		29562A4C29C9F54D003D78F8 /* I_AM_RICH___UITests.swift in Sources */ = {isa = PBXBuildFile; fileRef = 29562A4B29C9F54D003D78F8 /* I_AM_RICH___UITests.swift */; };
		29562A4E29C9F54D003D78F8 /* I_AM_RICH___UITestsLaunchTests.swift in Sources */ = {isa = PBXBuildFile; fileRef = 29562A4D29C9F54D003D78F8 /* I_AM_RICH___UITestsLaunchTests.swift */; };
/* End PBXBuildFile section */

/* Begin PBXContainerItemProxy section */
		29562A3E29C9F54D003D78F8 /* PBXContainerItemProxy */ = {
			isa = PBXContainerItemProxy;
			containerPortal = 29562A1F29C9F54C003D78F8 /* Project object */;
			proxyType = 1;
			remoteGlobalIDString = 29562A2629C9F54C003D78F8;
			remoteInfo = "I AM RICH 😁";
		};
		29562A4829C9F54D003D78F8 /* PBXContainerItemProxy */ = {
			isa = PBXContainerItemProxy;
			containerPortal = 29562A1F29C9F54C003D78F8 /* Project object */;
			proxyType = 1;
			remoteGlobalIDString = 29562A2629C9F54C003D78F8;
			remoteInfo = "I AM RICH 😁";
		};
/* End PBXContainerItemProxy section */

/* Begin PBXFileReference section */
		29562A2729C9F54C003D78F8 /* I AM RICH 😁.app */ = {isa = PBXFileReference; explicitFileType = wrapper.application; includeInIndex = 0; path = "I AM RICH 😁.app"; sourceTree = BUILT_PRODUCTS_DIR; };
		29562A2A29C9F54C003D78F8 /* AppDelegate.swift */ = {isa = PBXFileReference; lastKnownFileType = sourcecode.swift; path = AppDelegate.swift; sourceTree = "<group>"; };
		29562A2C29C9F54C003D78F8 /* SceneDelegate.swift */ = {isa = PBXFileReference; lastKnownFileType = sourcecode.swift; path = SceneDelegate.swift; sourceTree = "<group>"; };
		29562A2E29C9F54C003D78F8 /* ViewController.swift */ = {isa = PBXFileReference; lastKnownFileType = sourcecode.swift; path = ViewController.swift; sourceTree = "<group>"; };
		29562A3129C9F54C003D78F8 /* Base */ = {isa = PBXFileReference; lastKnownFileType = file.storyboard; name = Base; path = Base.lproj/Main.storyboard; sourceTree = "<group>"; };
		29562A3329C9F54D003D78F8 /* Assets.xcassets */ = {isa = PBXFileReference; lastKnownFileType = folder.assetcatalog; path = Assets.xcassets; sourceTree = "<group>"; };
		29562A3629C9F54D003D78F8 /* Base */ = {isa = PBXFileReference; lastKnownFileType = file.storyboard; name = Base; path = Base.lproj/LaunchScreen.storyboard; sourceTree = "<group>"; };
		29562A3829C9F54D003D78F8 /* Info.plist */ = {isa = PBXFileReference; lastKnownFileType = text.plist.xml; path = Info.plist; sourceTree = "<group>"; };
		29562A3D29C9F54D003D78F8 /* I AM RICH 😁Tests.xctest */ = {isa = PBXFileReference; explicitFileType = wrapper.cfbundle; includeInIndex = 0; path = "I AM RICH 😁Tests.xctest"; sourceTree = BUILT_PRODUCTS_DIR; };
		29562A4129C9F54D003D78F8 /* I_AM_RICH___Tests.swift */ = {isa = PBXFileReference; lastKnownFileType = sourcecode.swift; path = "I_AM_RICH___Tests.swift"; sourceTree = "<group>"; };
		29562A4729C9F54D003D78F8 /* I AM RICH 😁UITests.xctest */ = {isa = PBXFileReference; explicitFileType = wrapper.cfbundle; includeInIndex = 0; path = "I AM RICH 😁UITests.xctest"; sourceTree = BUILT_PRODUCTS_DIR; };
		29562A4B29C9F54D003D78F8 /* I_AM_RICH___UITests.swift */ = {isa = PBXFileReference; lastKnownFileType = sourcecode.swift; path = "I_AM_RICH___UITests.swift"; sourceTree = "<group>"; };
		29562A4D29C9F54D003D78F8 /* I_AM_RICH___UITestsLaunchTests.swift */ = {isa = PBXFileReference; lastKnownFileType = sourcecode.swift; path = "I_AM_RICH___UITestsLaunchTests.swift"; sourceTree = "<group>"; };
/* End PBXFileReference section */

/* Begin PBXFrameworksBuildPhase section */
		29562A2429C9F54C003D78F8 /* Frameworks */ = {
			isa = PBXFrameworksBuildPhase;
			buildActionMask = 2147483647;
			files = (
			);
			runOnlyForDeploymentPostprocessing = 0;
		};
		29562A3A29C9F54D003D78F8 /* Frameworks */ = {
			isa = PBXFrameworksBuildPhase;
			buildActionMask = 2147483647;
			files = (
			);
			runOnlyForDeploymentPostprocessing = 0;
		};
		29562A4429C9F54D003D78F8 /* Frameworks */ = {
			isa = PBXFrameworksBuildPhase;
			buildActionMask = 2147483647;
			files = (
			);
			runOnlyForDeploymentPostprocessing = 0;
		};
/* End PBXFrameworksBuildPhase section */

/* Begin PBXGroup section */
		29562A1E29C9F54C003D78F8 = {
			isa = PBXGroup;
			children = (
				29562A2929C9F54C003D78F8 /* I AM RICH 😁 */,
				29562A4029C9F54D003D78F8 /* I AM RICH 😁Tests */,
				29562A4A29C9F54D003D78F8 /* I AM RICH 😁UITests */,
				29562A2829C9F54C003D78F8 /* Products */,
			);
			sourceTree = "<group>";
		};
		29562A2829C9F54C003D78F8 /* Products */ = {
			isa = PBXGroup;
			children = (
				29562A2729C9F54C003D78F8 /* I AM RICH 😁.app */,
				29562A3D29C9F54D003D78F8 /* I AM RICH 😁Tests.xctest */,
				29562A4729C9F54D003D78F8 /* I AM RICH 😁UITests.xctest */,
			);
			name = Products;
			sourceTree = "<group>";
		};
		29562A2929C9F54C003D78F8 /* I AM RICH 😁 */ = {
			isa = PBXGroup;
			children = (
				29562A2A29C9F54C003D78F8 /* AppDelegate.swift */,
				29562A2C29C9F54C003D78F8 /* SceneDelegate.swift */,
				29562A2E29C9F54C003D78F8 /* ViewController.swift */,
				29562A3029C9F54C003D78F8 /* Main.storyboard */,
				29562A3329C9F54D003D78F8 /* Assets.xcassets */,
				29562A3529C9F54D003D78F8 /* LaunchScreen.storyboard */,
				29562A3829C9F54D003D78F8 /* Info.plist */,
			);
			path = "I AM RICH 😁";
			sourceTree = "<group>";
		};
		29562A4029C9F54D003D78F8 /* I AM RICH 😁Tests */ = {
			isa = PBXGroup;
			children = (
				29562A4129C9F54D003D78F8 /* I_AM_RICH___Tests.swift */,
			);
			path = "I AM RICH 😁Tests";
			sourceTree = "<group>";
		};
		29562A4A29C9F54D003D78F8 /* I AM RICH 😁UITests */ = {
			isa = PBXGroup;
			children = (
				29562A4B29C9F54D003D78F8 /* I_AM_RICH___UITests.swift */,
				29562A4D29C9F54D003D78F8 /* I_AM_RICH___UITestsLaunchTests.swift */,
			);
			path = "I AM RICH 😁UITests";
			sourceTree = "<group>";
		};
/* End PBXGroup section */

/* Begin PBXNativeTarget section */
		29562A2629C9F54C003D78F8 /* I AM RICH 😁 */ = {
			isa = PBXNativeTarget;
			buildConfigurationList = 29562A5129C9F54D003D78F8 /* Build configuration list for PBXNativeTarget "I AM RICH 😁" */;
			buildPhases = (
				29562A2329C9F54C003D78F8 /* Sources */,
				29562A2429C9F54C003D78F8 /* Frameworks */,
				29562A2529C9F54C003D78F8 /* Resources */,
			);
			buildRules = (
			);
			dependencies = (
			);
			name = "I AM RICH 😁";
			productName = "I AM RICH 😁";
			productReference = 29562A2729C9F54C003D78F8 /* I AM RICH 😁.app */;
			productType = "com.apple.product-type.application";
		};
		29562A3C29C9F54D003D78F8 /* I AM RICH 😁Tests */ = {
			isa = PBXNativeTarget;
			buildConfigurationList = 29562A5429C9F54D003D78F8 /* Build configuration list for PBXNativeTarget "I AM RICH 😁Tests" */;
			buildPhases = (
				29562A3929C9F54D003D78F8 /* Sources */,
				29562A3A29C9F54D003D78F8 /* Frameworks */,
				29562A3B29C9F54D003D78F8 /* Resources */,
			);
			buildRules = (
			);
			dependencies = (
				29562A3F29C9F54D003D78F8 /* PBXTargetDependency */,
			);
			name = "I AM RICH 😁Tests";
			productName = "I AM RICH 😁Tests";
			productReference = 29562A3D29C9F54D003D78F8 /* I AM RICH 😁Tests.xctest */;
			productType = "com.apple.product-type.bundle.unit-test";
		};
		29562A4629C9F54D003D78F8 /* I AM RICH 😁UITests */ = {
			isa = PBXNativeTarget;
			buildConfigurationList = 29562A5729C9F54D003D78F8 /* Build configuration list for PBXNativeTarget "I AM RICH 😁UITests" */;
			buildPhases = (
				29562A4329C9F54D003D78F8 /* Sources */,
				29562A4429C9F54D003D78F8 /* Frameworks */,
				29562A4529C9F54D003D78F8 /* Resources */,
			);
			buildRules = (
			);
			dependencies = (
				29562A4929C9F54D003D78F8 /* PBXTargetDependency */,
			);
			name = "I AM RICH 😁UITests";
			productName = "I AM RICH 😁UITests";
			productReference = 29562A4729C9F54D003D78F8 /* I AM RICH 😁UITests.xctest */;
			productType = "com.apple.product-type.bundle.ui-testing";
		};
/* End PBXNativeTarget section */

/* Begin PBXProject section */
		29562A1F29C9F54C003D78F8 /* Project object */ = {
			isa = PBXProject;
			attributes = {
				BuildIndependentTargetsInParallel = 1;
				LastSwiftUpdateCheck = 1420;
				LastUpgradeCheck = 1420;
				TargetAttributes = {
					29562A2629C9F54C003D78F8 = {
						CreatedOnToolsVersion = 14.2;
					};
					29562A3C29C9F54D003D78F8 = {
						CreatedOnToolsVersion = 14.2;
						TestTargetID = 29562A2629C9F54C003D78F8;
					};
					29562A4629C9F54D003D78F8 = {
						CreatedOnToolsVersion = 14.2;
						TestTargetID = 29562A2629C9F54C003D78F8;
					};
				};
			};
			buildConfigurationList = 29562A2229C9F54C003D78F8 /* Build configuration list for PBXProject "I AM RICH 😁" */;
			compatibilityVersion = "Xcode 14.0";
			developmentRegion = en;
			hasScannedForEncodings = 0;
			knownRegions = (
				en,
				Base,
			);
			mainGroup = 29562A1E29C9F54C003D78F8;
			productRefGroup = 29562A2829C9F54C003D78F8 /* Products */;
			projectDirPath = "";
			projectRoot = "";
			targets = (
				29562A2629C9F54C003D78F8 /* I AM RICH 😁 */,
				29562A3C29C9F54D003D78F8 /* I AM RICH 😁Tests */,
				29562A4629C9F54D003D78F8 /* I AM RICH 😁UITests */,
			);
		};
/* End PBXProject section */

/* Begin PBXResourcesBuildPhase section */
		29562A2529C9F54C003D78F8 /* Resources */ = {
			isa = PBXResourcesBuildPhase;
			buildActionMask = 2147483647;
			files = (
				29562A3729C9F54D003D78F8 /* LaunchScreen.storyboard in Resources */,
				29562A3429C9F54D003D78F8 /* Assets.xcassets in Resources */,
				29562A3229C9F54C003D78F8 /* Main.storyboard in Resources */,
			);
			runOnlyForDeploymentPostprocessing = 0;
		};
		29562A3B29C9F54D003D78F8 /* Resources */ = {
			isa = PBXResourcesBuildPhase;
			buildActionMask = 2147483647;
			files = (
			);
			runOnlyForDeploymentPostprocessing = 0;
		};
		29562A4529C9F54D003D78F8 /* Resources */ = {
			isa = PBXResourcesBuildPhase;
			buildActionMask = 2147483647;
			files = (
			);
			runOnlyForDeploymentPostprocessing = 0;
		};
/* End PBXResourcesBuildPhase section */

/* Begin PBXSourcesBuildPhase section */
		29562A2329C9F54C003D78F8 /* Sources */ = {
			isa = PBXSourcesBuildPhase;
			buildActionMask = 2147483647;
			files = (
				29562A2F29C9F54C003D78F8 /* ViewController.swift in Sources */,
				29562A2B29C9F54C003D78F8 /* AppDelegate.swift in Sources */,
				29562A2D29C9F54C003D78F8 /* SceneDelegate.swift in Sources */,
			);
			runOnlyForDeploymentPostprocessing = 0;
		};
		29562A3929C9F54D003D78F8 /* Sources */ = {
			isa = PBXSourcesBuildPhase;
			buildActionMask = 2147483647;
			files = (
				29562A4229C9F54D003D78F8 /* I_AM_RICH___Tests.swift in Sources */,
			);
			runOnlyForDeploymentPostprocessing = 0;
		};
		29562A4329C9F54D003D78F8 /* Sources */ = {
			isa = PBXSourcesBuildPhase;
			buildActionMask = 2147483647;
			files = (
				29562A4E29C9F54D003D78F8 /* I_AM_RICH___UITestsLaunchTests.swift in Sources */,
				29562A4C29C9F54D003D78F8 /* I_AM_RICH___UITests.swift in Sources */,
			);
			runOnlyForDeploymentPostprocessing = 0;
		};
/* End PBXSourcesBuildPhase section */

/* Begin PBXTargetDependency section */
		29562A3F29C9F54D003D78F8 /* PBXTargetDependency */ = {
			isa = PBXTargetDependency;
			target = 29562A2629C9F54C003D78F8 /* I AM RICH 😁 */;
			targetProxy = 29562A3E29C9F54D003D78F8 /* PBXContainerItemProxy */;
		};
		29562A4929C9F54D003D78F8 /* PBXTargetDependency */ = {
			isa = PBXTargetDependency;
			target = 29562A2629C9F54C003D78F8 /* I AM RICH 😁 */;
			targetProxy = 29562A4829C9F54D003D78F8 /* PBXContainerItemProxy */;
		};
/* End PBXTargetDependency section */

/* Begin PBXVariantGroup section */
		29562A3029C9F54C003D78F8 /* Main.storyboard */ = {
			isa = PBXVariantGroup;
			children = (
				29562A3129C9F54C003D78F8 /* Base */,
			);
			name = Main.storyboard;
			sourceTree = "<group>";
		};
		29562A3529C9F54D003D78F8 /* LaunchScreen.storyboard */ = {
			isa = PBXVariantGroup;
			children = (
				29562A3629C9F54D003D78F8 /* Base */,
			);
			name = LaunchScreen.storyboard;
			sourceTree = "<group>";
		};
/* End PBXVariantGroup section */

/* Begin XCBuildConfiguration section */
		29562A4F29C9F54D003D78F8 /* Debug */ = {
			isa = XCBuildConfiguration;
			buildSettings = {
				ALWAYS_SEARCH_USER_PATHS = NO;
				CLANG_ANALYZER_NONNULL = YES;
				CLANG_ANALYZER_NUMBER_OBJECT_CONVERSION = YES_AGGRESSIVE;
				CLANG_CXX_LANGUAGE_STANDARD = "gnu++20";
				CLANG_ENABLE_MODULES = YES;
				CLANG_ENABLE_OBJC_ARC = YES;
				CLANG_ENABLE_OBJC_WEAK = YES;
				CLANG_WARN_BLOCK_CAPTURE_AUTORELEASING = YES;
				CLANG_WARN_BOOL_CONVERSION = YES;
				CLANG_WARN_COMMA = YES;
				CLANG_WARN_CONSTANT_CONVERSION = YES;
				CLANG_WARN_DEPRECATED_OBJC_IMPLEMENTATIONS = YES;
				CLANG_WARN_DIRECT_OBJC_ISA_USAGE = YES_ERROR;
				CLANG_WARN_DOCUMENTATION_COMMENTS = YES;
				CLANG_WARN_EMPTY_BODY = YES;
				CLANG_WARN_ENUM_CONVERSION = YES;
				CLANG_WARN_INFINITE_RECURSION = YES;
				CLANG_WARN_INT_CONVERSION = YES;
				CLANG_WARN_NON_LITERAL_NULL_CONVERSION = YES;
				CLANG_WARN_OBJC_IMPLICIT_RETAIN_SELF = YES;
				CLANG_WARN_OBJC_LITERAL_CONVERSION = YES;
				CLANG_WARN_OBJC_ROOT_CLASS = YES_ERROR;
				CLANG_WARN_QUOTED_INCLUDE_IN_FRAMEWORK_HEADER = YES;
				CLANG_WARN_RANGE_LOOP_ANALYSIS = YES;
				CLANG_WARN_STRICT_PROTOTYPES = YES;
				CLANG_WARN_SUSPICIOUS_MOVE = YES;
				CLANG_WARN_UNGUARDED_AVAILABILITY = YES_AGGRESSIVE;
				CLANG_WARN_UNREACHABLE_CODE = YES;
				CLANG_WARN__DUPLICATE_METHOD_MATCH = YES;
				COPY_PHASE_STRIP = NO;
				DEBUG_INFORMATION_FORMAT = dwarf;
				ENABLE_STRICT_OBJC_MSGSEND = YES;
				ENABLE_TESTABILITY = YES;
				GCC_C_LANGUAGE_STANDARD = gnu11;
				GCC_DYNAMIC_NO_PIC = NO;
				GCC_NO_COMMON_BLOCKS = YES;
				GCC_OPTIMIZATION_LEVEL = 0;
				GCC_PREPROCESSOR_DEFINITIONS = (
					"DEBUG=1",
					"$(inherited)",
				);
				GCC_WARN_64_TO_32_BIT_CONVERSION = YES;
				GCC_WARN_ABOUT_RETURN_TYPE = YES_ERROR;
				GCC_WARN_UNDECLARED_SELECTOR = YES;
				GCC_WARN_UNINITIALIZED_AUTOS = YES_AGGRESSIVE;
				GCC_WARN_UNUSED_FUNCTION = YES;
				GCC_WARN_UNUSED_VARIABLE = YES;
				IPHONEOS_DEPLOYMENT_TARGET = 16.2;
				MTL_ENABLE_DEBUG_INFO = INCLUDE_SOURCE;
				MTL_FAST_MATH = YES;
				ONLY_ACTIVE_ARCH = YES;
				SDKROOT = iphoneos;
				SWIFT_ACTIVE_COMPILATION_CONDITIONS = DEBUG;
				SWIFT_OPTIMIZATION_LEVEL = "-Onone";
			};
			name = Debug;
		};
		29562A5029C9F54D003D78F8 /* Release */ = {
			isa = XCBuildConfiguration;
			buildSettings = {
				ALWAYS_SEARCH_USER_PATHS = NO;
				CLANG_ANALYZER_NONNULL = YES;
				CLANG_ANALYZER_NUMBER_OBJECT_CONVERSION = YES_AGGRESSIVE;
				CLANG_CXX_LANGUAGE_STANDARD = "gnu++20";
				CLANG_ENABLE_MODULES = YES;
				CLANG_ENABLE_OBJC_ARC = YES;
				CLANG_ENABLE_OBJC_WEAK = YES;
				CLANG_WARN_BLOCK_CAPTURE_AUTORELEASING = YES;
				CLANG_WARN_BOOL_CONVERSION = YES;
				CLANG_WARN_COMMA = YES;
				CLANG_WARN_CONSTANT_CONVERSION = YES;
				CLANG_WARN_DEPRECATED_OBJC_IMPLEMENTATIONS = YES;
				CLANG_WARN_DIRECT_OBJC_ISA_USAGE = YES_ERROR;
				CLANG_WARN_DOCUMENTATION_COMMENTS = YES;
				CLANG_WARN_EMPTY_BODY = YES;
				CLANG_WARN_ENUM_CONVERSION = YES;
				CLANG_WARN_INFINITE_RECURSION = YES;
				CLANG_WARN_INT_CONVERSION = YES;
				CLANG_WARN_NON_LITERAL_NULL_CONVERSION = YES;
				CLANG_WARN_OBJC_IMPLICIT_RETAIN_SELF = YES;
				CLANG_WARN_OBJC_LITERAL_CONVERSION = YES;
				CLANG_WARN_OBJC_ROOT_CLASS = YES_ERROR;
				CLANG_WARN_QUOTED_INCLUDE_IN_FRAMEWORK_HEADER = YES;
				CLANG_WARN_RANGE_LOOP_ANALYSIS = YES;
				CLANG_WARN_STRICT_PROTOTYPES = YES;
				CLANG_WARN_SUSPICIOUS_MOVE = YES;
				CLANG_WARN_UNGUARDED_AVAILABILITY = YES_AGGRESSIVE;
				CLANG_WARN_UNREACHABLE_CODE = YES;
				CLANG_WARN__DUPLICATE_METHOD_MATCH = YES;
				COPY_PHASE_STRIP = NO;
				DEBUG_INFORMATION_FORMAT = "dwarf-with-dsym";
				ENABLE_NS_ASSERTIONS = NO;
				ENABLE_STRICT_OBJC_MSGSEND = YES;
				GCC_C_LANGUAGE_STANDARD = gnu11;
				GCC_NO_COMMON_BLOCKS = YES;
				GCC_WARN_64_TO_32_BIT_CONVERSION = YES;
				GCC_WARN_ABOUT_RETURN_TYPE = YES_ERROR;
				GCC_WARN_UNDECLARED_SELECTOR = YES;
				GCC_WARN_UNINITIALIZED_AUTOS = YES_AGGRESSIVE;
				GCC_WARN_UNUSED_FUNCTION = YES;
				GCC_WARN_UNUSED_VARIABLE = YES;
				IPHONEOS_DEPLOYMENT_TARGET = 16.2;
				MTL_ENABLE_DEBUG_INFO = NO;
				MTL_FAST_MATH = YES;
				SDKROOT = iphoneos;
				SWIFT_COMPILATION_MODE = wholemodule;
				SWIFT_OPTIMIZATION_LEVEL = "-O";
				VALIDATE_PRODUCT = YES;
			};
			name = Release;
		};
		29562A5229C9F54D003D78F8 /* Debug */ = {
			isa = XCBuildConfiguration;
			buildSettings = {
				ASSETCATALOG_COMPILER_APPICON_NAME = AppIcon;
				ASSETCATALOG_COMPILER_GLOBAL_ACCENT_COLOR_NAME = AccentColor;
				CODE_SIGN_STYLE = Automatic;
				CURRENT_PROJECT_VERSION = 1;
				DEVELOPMENT_TEAM = Z5398M47JB;
				GENERATE_INFOPLIST_FILE = YES;
				INFOPLIST_FILE = "I AM RICH 😁/Info.plist";
				INFOPLIST_KEY_UIApplicationSupportsIndirectInputEvents = YES;
				INFOPLIST_KEY_UILaunchStoryboardName = LaunchScreen;
				INFOPLIST_KEY_UIMainStoryboardFile = Main;
				INFOPLIST_KEY_UISupportedInterfaceOrientations_iPad = "UIInterfaceOrientationPortrait UIInterfaceOrientationPortraitUpsideDown UIInterfaceOrientationLandscapeLeft UIInterfaceOrientationLandscapeRight";
				INFOPLIST_KEY_UISupportedInterfaceOrientations_iPhone = "UIInterfaceOrientationPortrait UIInterfaceOrientationLandscapeLeft UIInterfaceOrientationLandscapeRight";
				IPHONEOS_DEPLOYMENT_TARGET = 15.0;
				LD_RUNPATH_SEARCH_PATHS = (
					"$(inherited)",
					"@executable_path/Frameworks",
				);
				MARKETING_VERSION = 1.0;
				PRODUCT_BUNDLE_IDENTIFIER = "com.Shamlin.I-AM-RICH---";
				PRODUCT_NAME = "$(TARGET_NAME)";
				SWIFT_EMIT_LOC_STRINGS = YES;
				SWIFT_VERSION = 5.0;
				TARGETED_DEVICE_FAMILY = "1,2";
			};
			name = Debug;
		};
		29562A5329C9F54D003D78F8 /* Release */ = {
			isa = XCBuildConfiguration;
			buildSettings = {
				ASSETCATALOG_COMPILER_APPICON_NAME = AppIcon;
				ASSETCATALOG_COMPILER_GLOBAL_ACCENT_COLOR_NAME = AccentColor;
				CODE_SIGN_STYLE = Automatic;
				CURRENT_PROJECT_VERSION = 1;
				DEVELOPMENT_TEAM = Z5398M47JB;
				GENERATE_INFOPLIST_FILE = YES;
				INFOPLIST_FILE = "I AM RICH 😁/Info.plist";
				INFOPLIST_KEY_UIApplicationSupportsIndirectInputEvents = YES;
				INFOPLIST_KEY_UILaunchStoryboardName = LaunchScreen;
				INFOPLIST_KEY_UIMainStoryboardFile = Main;
				INFOPLIST_KEY_UISupportedInterfaceOrientations_iPad = "UIInterfaceOrientationPortrait UIInterfaceOrientationPortraitUpsideDown UIInterfaceOrientationLandscapeLeft UIInterfaceOrientationLandscapeRight";
				INFOPLIST_KEY_UISupportedInterfaceOrientations_iPhone = "UIInterfaceOrientationPortrait UIInterfaceOrientationLandscapeLeft UIInterfaceOrientationLandscapeRight";
				IPHONEOS_DEPLOYMENT_TARGET = 15.0;
				LD_RUNPATH_SEARCH_PATHS = (
					"$(inherited)",
					"@executable_path/Frameworks",
				);
				MARKETING_VERSION = 1.0;
				PRODUCT_BUNDLE_IDENTIFIER = "com.Shamlin.I-AM-RICH---";
				PRODUCT_NAME = "$(TARGET_NAME)";
				SWIFT_EMIT_LOC_STRINGS = YES;
				SWIFT_VERSION = 5.0;
				TARGETED_DEVICE_FAMILY = "1,2";
			};
			name = Release;
		};
		29562A5529C9F54D003D78F8 /* Debug */ = {
			isa = XCBuildConfiguration;
			buildSettings = {
				ALWAYS_EMBED_SWIFT_STANDARD_LIBRARIES = YES;
				BUNDLE_LOADER = "$(TEST_HOST)";
				CODE_SIGN_STYLE = Automatic;
				CURRENT_PROJECT_VERSION = 1;
				GENERATE_INFOPLIST_FILE = YES;
				IPHONEOS_DEPLOYMENT_TARGET = 16.2;
				MARKETING_VERSION = 1.0;
				PRODUCT_BUNDLE_IDENTIFIER = "com.Shamlin.I-AM-RICH---Tests";
				PRODUCT_NAME = "$(TARGET_NAME)";
				SWIFT_EMIT_LOC_STRINGS = NO;
				SWIFT_VERSION = 5.0;
				TARGETED_DEVICE_FAMILY = "1,2";
				TEST_HOST = "$(BUILT_PRODUCTS_DIR)/I AM RICH 😁.app/$(BUNDLE_EXECUTABLE_FOLDER_PATH)/I AM RICH 😁";
			};
			name = Debug;
		};
		29562A5629C9F54D003D78F8 /* Release */ = {
			isa = XCBuildConfiguration;
			buildSettings = {
				ALWAYS_EMBED_SWIFT_STANDARD_LIBRARIES = YES;
				BUNDLE_LOADER = "$(TEST_HOST)";
				CODE_SIGN_STYLE = Automatic;
				CURRENT_PROJECT_VERSION = 1;
				GENERATE_INFOPLIST_FILE = YES;
				IPHONEOS_DEPLOYMENT_TARGET = 16.2;
				MARKETING_VERSION = 1.0;
				PRODUCT_BUNDLE_IDENTIFIER = "com.Shamlin.I-AM-RICH---Tests";
				PRODUCT_NAME = "$(TARGET_NAME)";
				SWIFT_EMIT_LOC_STRINGS = NO;
				SWIFT_VERSION = 5.0;
				TARGETED_DEVICE_FAMILY = "1,2";
				TEST_HOST = "$(BUILT_PRODUCTS_DIR)/I AM RICH 😁.app/$(BUNDLE_EXECUTABLE_FOLDER_PATH)/I AM RICH 😁";
			};
			name = Release;
		};
		29562A5829C9F54D003D78F8 /* Debug */ = {
			isa = XCBuildConfiguration;
			buildSettings = {
				ALWAYS_EMBED_SWIFT_STANDARD_LIBRARIES = YES;
				CODE_SIGN_STYLE = Automatic;
				CURRENT_PROJECT_VERSION = 1;
				GENERATE_INFOPLIST_FILE = YES;
				MARKETING_VERSION = 1.0;
				PRODUCT_BUNDLE_IDENTIFIER = "com.Shamlin.I-AM-RICH---UITests";
				PRODUCT_NAME = "$(TARGET_NAME)";
				SWIFT_EMIT_LOC_STRINGS = NO;
				SWIFT_VERSION = 5.0;
				TARGETED_DEVICE_FAMILY = "1,2";
				TEST_TARGET_NAME = "I AM RICH 😁";
			};
			name = Debug;
		};
		29562A5929C9F54D003D78F8 /* Release */ = {
			isa = XCBuildConfiguration;
			buildSettings = {
				ALWAYS_EMBED_SWIFT_STANDARD_LIBRARIES = YES;
				CODE_SIGN_STYLE = Automatic;
				CURRENT_PROJECT_VERSION = 1;
				GENERATE_INFOPLIST_FILE = YES;
				MARKETING_VERSION = 1.0;
				PRODUCT_BUNDLE_IDENTIFIER = "com.Shamlin.I-AM-RICH---UITests";
				PRODUCT_NAME = "$(TARGET_NAME)";
				SWIFT_EMIT_LOC_STRINGS = NO;
				SWIFT_VERSION = 5.0;
				TARGETED_DEVICE_FAMILY = "1,2";
				TEST_TARGET_NAME = "I AM RICH 😁";
			};
			name = Release;
		};
/* End XCBuildConfiguration section */

/* Begin XCConfigurationList section */
		29562A2229C9F54C003D78F8 /* Build configuration list for PBXProject "I AM RICH 😁" */ = {
			isa = XCConfigurationList;
			buildConfigurations = (
				29562A4F29C9F54D003D78F8 /* Debug */,
				29562A5029C9F54D003D78F8 /* Release */,
			);
			defaultConfigurationIsVisible = 0;
			defaultConfigurationName = Release;
		};
		29562A5129C9F54D003D78F8 /* Build configuration list for PBXNativeTarget "I AM RICH 😁" */ = {
			isa = XCConfigurationList;
			buildConfigurations = (
				29562A5229C9F54D003D78F8 /* Debug */,
				29562A5329C9F54D003D78F8 /* Release */,
			);
			defaultConfigurationIsVisible = 0;
			defaultConfigurationName = Release;
		};
		29562A5429C9F54D003D78F8 /* Build configuration list for PBXNativeTarget "I AM RICH 😁Tests" */ = {
			isa = XCConfigurationList;
			buildConfigurations = (
				29562A5529C9F54D003D78F8 /* Debug */,
				29562A5629C9F54D003D78F8 /* Release */,
			);
			defaultConfigurationIsVisible = 0;
			defaultConfigurationName = Release;
		};
		29562A5729C9F54D003D78F8 /* Build configuration list for PBXNativeTarget "I AM RICH 😁UITests" */ = {
			isa = XCConfigurationList;
			buildConfigurations = (
				29562A5829C9F54D003D78F8 /* Debug */,
				29562A5929C9F54D003D78F8 /* Release */,
			);
			defaultConfigurationIsVisible = 0;
			defaultConfigurationName = Release;
		};
/* End XCConfigurationList section */
	};
	rootObject = 29562A1F29C9F54C003D78F8 /* Project object */;
}
